// !$*UTF8*$!
{
	archiveVersion = 1;
	classes = {
	};
	objectVersion = 77;
	objects = {

/* Begin PBXContainerItemProxy section */
		13251B3F2CD91E76007E0847 /* PBXContainerItemProxy */ = {
			isa = PBXContainerItemProxy;
			containerPortal = 13251B1D2CD91E74007E0847 /* Project object */;
			proxyType = 1;
			remoteGlobalIDString = 13251B242CD91E74007E0847;
			remoteInfo = rockPaperScissors;
		};
		13251B492CD91E76007E0847 /* PBXContainerItemProxy */ = {
			isa = PBXContainerItemProxy;
			containerPortal = 13251B1D2CD91E74007E0847 /* Project object */;
			proxyType = 1;
			remoteGlobalIDString = 13251B242CD91E74007E0847;
			remoteInfo = rockPaperScissors;
		};
/* End PBXContainerItemProxy section */

/* Begin PBXFileReference section */
		13251B252CD91E74007E0847 /* rockPaperScissors.app */ = {isa = PBXFileReference; explicitFileType = wrapper.application; includeInIndex = 0; path = rockPaperScissors.app; sourceTree = BUILT_PRODUCTS_DIR; };
		13251B3E2CD91E76007E0847 /* rockPaperScissorsTests.xctest */ = {isa = PBXFileReference; explicitFileType = wrapper.cfbundle; includeInIndex = 0; path = rockPaperScissorsTests.xctest; sourceTree = BUILT_PRODUCTS_DIR; };
		13251B482CD91E76007E0847 /* rockPaperScissorsUITests.xctest */ = {isa = PBXFileReference; explicitFileType = wrapper.cfbundle; includeInIndex = 0; path = rockPaperScissorsUITests.xctest; sourceTree = BUILT_PRODUCTS_DIR; };
/* End PBXFileReference section */

/* Begin PBXFileSystemSynchronizedRootGroup section */
		13251B272CD91E74007E0847 /* rockPaperScissors */ = {
			isa = PBXFileSystemSynchronizedRootGroup;
			path = rockPaperScissors;
			sourceTree = "<group>";
		};
		13251B412CD91E76007E0847 /* rockPaperScissorsTests */ = {
			isa = PBXFileSystemSynchronizedRootGroup;
			path = rockPaperScissorsTests;
			sourceTree = "<group>";
		};
		13251B4B2CD91E76007E0847 /* rockPaperScissorsUITests */ = {
			isa = PBXFileSystemSynchronizedRootGroup;
			path = rockPaperScissorsUITests;
			sourceTree = "<group>";
		};
/* End PBXFileSystemSynchronizedRootGroup section */

/* Begin PBXFrameworksBuildPhase section */
		13251B222CD91E74007E0847 /* Frameworks */ = {
			isa = PBXFrameworksBuildPhase;
			buildActionMask = 2147483647;
			files = (
			);
			runOnlyForDeploymentPostprocessing = 0;
		};
		13251B3B2CD91E76007E0847 /* Frameworks */ = {
			isa = PBXFrameworksBuildPhase;
			buildActionMask = 2147483647;
			files = (
			);
			runOnlyForDeploymentPostprocessing = 0;
		};
		13251B452CD91E76007E0847 /* Frameworks */ = {
			isa = PBXFrameworksBuildPhase;
			buildActionMask = 2147483647;
			files = (
			);
			runOnlyForDeploymentPostprocessing = 0;
		};
/* End PBXFrameworksBuildPhase section */

/* Begin PBXGroup section */
		13251B1C2CD91E74007E0847 = {
			isa = PBXGroup;
			children = (
				13251B272CD91E74007E0847 /* rockPaperScissors */,
				13251B412CD91E76007E0847 /* rockPaperScissorsTests */,
				13251B4B2CD91E76007E0847 /* rockPaperScissorsUITests */,
				13251B262CD91E74007E0847 /* Products */,
			);
			sourceTree = "<group>";
		};
		13251B262CD91E74007E0847 /* Products */ = {
			isa = PBXGroup;
			children = (
				13251B252CD91E74007E0847 /* rockPaperScissors.app */,
				13251B3E2CD91E76007E0847 /* rockPaperScissorsTests.xctest */,
				13251B482CD91E76007E0847 /* rockPaperScissorsUITests.xctest */,
			);
			name = Products;
			sourceTree = "<group>";
		};
/* End PBXGroup section */

/* Begin PBXNativeTarget section */
		13251B242CD91E74007E0847 /* rockPaperScissors */ = {
			isa = PBXNativeTarget;
			buildConfigurationList = 13251B522CD91E76007E0847 /* Build configuration list for PBXNativeTarget "rockPaperScissors" */;
			buildPhases = (
				13251B212CD91E74007E0847 /* Sources */,
				13251B222CD91E74007E0847 /* Frameworks */,
				13251B232CD91E74007E0847 /* Resources */,
			);
			buildRules = (
			);
			dependencies = (
			);
			fileSystemSynchronizedGroups = (
				13251B272CD91E74007E0847 /* rockPaperScissors */,
			);
			name = rockPaperScissors;
			packageProductDependencies = (
			);
			productName = rockPaperScissors;
			productReference = 13251B252CD91E74007E0847 /* rockPaperScissors.app */;
			productType = "com.apple.product-type.application";
		};
		13251B3D2CD91E76007E0847 /* rockPaperScissorsTests */ = {
			isa = PBXNativeTarget;
			buildConfigurationList = 13251B552CD91E76007E0847 /* Build configuration list for PBXNativeTarget "rockPaperScissorsTests" */;
			buildPhases = (
				13251B3A2CD91E76007E0847 /* Sources */,
				13251B3B2CD91E76007E0847 /* Frameworks */,
				13251B3C2CD91E76007E0847 /* Resources */,
			);
			buildRules = (
			);
			dependencies = (
				13251B402CD91E76007E0847 /* PBXTargetDependency */,
			);
			fileSystemSynchronizedGroups = (
				13251B412CD91E76007E0847 /* rockPaperScissorsTests */,
			);
			name = rockPaperScissorsTests;
			packageProductDependencies = (
			);
			productName = rockPaperScissorsTests;
			productReference = 13251B3E2CD91E76007E0847 /* rockPaperScissorsTests.xctest */;
			productType = "com.apple.product-type.bundle.unit-test";
		};
		13251B472CD91E76007E0847 /* rockPaperScissorsUITests */ = {
			isa = PBXNativeTarget;
			buildConfigurationList = 13251B582CD91E76007E0847 /* Build configuration list for PBXNativeTarget "rockPaperScissorsUITests" */;
			buildPhases = (
				13251B442CD91E76007E0847 /* Sources */,
				13251B452CD91E76007E0847 /* Frameworks */,
				13251B462CD91E76007E0847 /* Resources */,
			);
			buildRules = (
			);
			dependencies = (
				13251B4A2CD91E76007E0847 /* PBXTargetDependency */,
			);
			fileSystemSynchronizedGroups = (
				13251B4B2CD91E76007E0847 /* rockPaperScissorsUITests */,
			);
			name = rockPaperScissorsUITests;
			packageProductDependencies = (
			);
			productName = rockPaperScissorsUITests;
			productReference = 13251B482CD91E76007E0847 /* rockPaperScissorsUITests.xctest */;
			productType = "com.apple.product-type.bundle.ui-testing";
		};
/* End PBXNativeTarget section */

/* Begin PBXProject section */
		13251B1D2CD91E74007E0847 /* Project object */ = {
			isa = PBXProject;
			attributes = {
				BuildIndependentTargetsInParallel = 1;
				LastSwiftUpdateCheck = 1610;
				LastUpgradeCheck = 1610;
				TargetAttributes = {
					13251B242CD91E74007E0847 = {
						CreatedOnToolsVersion = 16.1;
					};
					13251B3D2CD91E76007E0847 = {
						CreatedOnToolsVersion = 16.1;
						TestTargetID = 13251B242CD91E74007E0847;
					};
					13251B472CD91E76007E0847 = {
						CreatedOnToolsVersion = 16.1;
						TestTargetID = 13251B242CD91E74007E0847;
					};
				};
			};
			buildConfigurationList = 13251B202CD91E74007E0847 /* Build configuration list for PBXProject "rockPaperScissors" */;
			developmentRegion = en;
			hasScannedForEncodings = 0;
			knownRegions = (
				en,
				Base,
			);
			mainGroup = 13251B1C2CD91E74007E0847;
			minimizedProjectReferenceProxies = 1;
			preferredProjectObjectVersion = 77;
			productRefGroup = 13251B262CD91E74007E0847 /* Products */;
			projectDirPath = "";
			projectRoot = "";
			targets = (
				13251B242CD91E74007E0847 /* rockPaperScissors */,
				13251B3D2CD91E76007E0847 /* rockPaperScissorsTests */,
				13251B472CD91E76007E0847 /* rockPaperScissorsUITests */,
			);
		};
/* End PBXProject section */

/* Begin PBXResourcesBuildPhase section */
		13251B232CD91E74007E0847 /* Resources */ = {
			isa = PBXResourcesBuildPhase;
			buildActionMask = 2147483647;
			files = (
			);
			runOnlyForDeploymentPostprocessing = 0;
		};
		13251B3C2CD91E76007E0847 /* Resources */ = {
			isa = PBXResourcesBuildPhase;
			buildActionMask = 2147483647;
			files = (
			);
			runOnlyForDeploymentPostprocessing = 0;
		};
		13251B462CD91E76007E0847 /* Resources */ = {
			isa = PBXResourcesBuildPhase;
			buildActionMask = 2147483647;
			files = (
			);
			runOnlyForDeploymentPostprocessing = 0;
		};
/* End PBXResourcesBuildPhase section */

/* Begin PBXSourcesBuildPhase section */
		13251B212CD91E74007E0847 /* Sources */ = {
			isa = PBXSourcesBuildPhase;
			buildActionMask = 2147483647;
			files = (
			);
			runOnlyForDeploymentPostprocessing = 0;
		};
		13251B3A2CD91E76007E0847 /* Sources */ = {
			isa = PBXSourcesBuildPhase;
			buildActionMask = 2147483647;
			files = (
			);
			runOnlyForDeploymentPostprocessing = 0;
		};
		13251B442CD91E76007E0847 /* Sources */ = {
			isa = PBXSourcesBuildPhase;
			buildActionMask = 2147483647;
			files = (
			);
			runOnlyForDeploymentPostprocessing = 0;
		};
/* End PBXSourcesBuildPhase section */

/* Begin PBXTargetDependency section */
		13251B402CD91E76007E0847 /* PBXTargetDependency */ = {
			isa = PBXTargetDependency;
			target = 13251B242CD91E74007E0847 /* rockPaperScissors */;
			targetProxy = 13251B3F2CD91E76007E0847 /* PBXContainerItemProxy */;
		};
		13251B4A2CD91E76007E0847 /* PBXTargetDependency */ = {
			isa = PBXTargetDependency;
			target = 13251B242CD91E74007E0847 /* rockPaperScissors */;
			targetProxy = 13251B492CD91E76007E0847 /* PBXContainerItemProxy */;
		};
/* End PBXTargetDependency section */

/* Begin XCBuildConfiguration section */
		13251B502CD91E76007E0847 /* Debug */ = {
			isa = XCBuildConfiguration;
			buildSettings = {
				ALWAYS_SEARCH_USER_PATHS = NO;
				ASSETCATALOG_COMPILER_GENERATE_SWIFT_ASSET_SYMBOL_EXTENSIONS = YES;
				CLANG_ANALYZER_NONNULL = YES;
				CLANG_ANALYZER_NUMBER_OBJECT_CONVERSION = YES_AGGRESSIVE;
				CLANG_CXX_LANGUAGE_STANDARD = "gnu++20";
				CLANG_ENABLE_MODULES = YES;
				CLANG_ENABLE_OBJC_ARC = YES;
				CLANG_ENABLE_OBJC_WEAK = YES;
				CLANG_WARN_BLOCK_CAPTURE_AUTORELEASING = YES;
				CLANG_WARN_BOOL_CONVERSION = YES;
				CLANG_WARN_COMMA = YES;
				CLANG_WARN_CONSTANT_CONVERSION = YES;
				CLANG_WARN_DEPRECATED_OBJC_IMPLEMENTATIONS = YES;
				CLANG_WARN_DIRECT_OBJC_ISA_USAGE = YES_ERROR;
				CLANG_WARN_DOCUMENTATION_COMMENTS = YES;
				CLANG_WARN_EMPTY_BODY = YES;
				CLANG_WARN_ENUM_CONVERSION = YES;
				CLANG_WARN_INFINITE_RECURSION = YES;
				CLANG_WARN_INT_CONVERSION = YES;
				CLANG_WARN_NON_LITERAL_NULL_CONVERSION = YES;
				CLANG_WARN_OBJC_IMPLICIT_RETAIN_SELF = YES;
				CLANG_WARN_OBJC_LITERAL_CONVERSION = YES;
				CLANG_WARN_OBJC_ROOT_CLASS = YES_ERROR;
				CLANG_WARN_QUOTED_INCLUDE_IN_FRAMEWORK_HEADER = YES;
				CLANG_WARN_RANGE_LOOP_ANALYSIS = YES;
				CLANG_WARN_STRICT_PROTOTYPES = YES;
				CLANG_WARN_SUSPICIOUS_MOVE = YES;
				CLANG_WARN_UNGUARDED_AVAILABILITY = YES_AGGRESSIVE;
				CLANG_WARN_UNREACHABLE_CODE = YES;
				CLANG_WARN__DUPLICATE_METHOD_MATCH = YES;
				COPY_PHASE_STRIP = NO;
				DEBUG_INFORMATION_FORMAT = dwarf;
				ENABLE_STRICT_OBJC_MSGSEND = YES;
				ENABLE_TESTABILITY = YES;
				ENABLE_USER_SCRIPT_SANDBOXING = YES;
				GCC_C_LANGUAGE_STANDARD = gnu17;
				GCC_DYNAMIC_NO_PIC = NO;
				GCC_NO_COMMON_BLOCKS = YES;
				GCC_OPTIMIZATION_LEVEL = 0;
				GCC_PREPROCESSOR_DEFINITIONS = (
					"DEBUG=1",
					"$(inherited)",
				);
				GCC_WARN_64_TO_32_BIT_CONVERSION = YES;
				GCC_WARN_ABOUT_RETURN_TYPE = YES_ERROR;
				GCC_WARN_UNDECLARED_SELECTOR = YES;
				GCC_WARN_UNINITIALIZED_AUTOS = YES_AGGRESSIVE;
				GCC_WARN_UNUSED_FUNCTION = YES;
				GCC_WARN_UNUSED_VARIABLE = YES;
				IPHONEOS_DEPLOYMENT_TARGET = 18.1;
				LOCALIZATION_PREFERS_STRING_CATALOGS = YES;
				MTL_ENABLE_DEBUG_INFO = INCLUDE_SOURCE;
				MTL_FAST_MATH = YES;
				ONLY_ACTIVE_ARCH = YES;
				SDKROOT = iphoneos;
				SWIFT_ACTIVE_COMPILATION_CONDITIONS = "DEBUG $(inherited)";
				SWIFT_OPTIMIZATION_LEVEL = "-Onone";
			};
			name = Debug;
		};
		13251B512CD91E76007E0847 /* Release */ = {
			isa = XCBuildConfiguration;
			buildSettings = {
				ALWAYS_SEARCH_USER_PATHS = NO;
				ASSETCATALOG_COMPILER_GENERATE_SWIFT_ASSET_SYMBOL_EXTENSIONS = YES;
				CLANG_ANALYZER_NONNULL = YES;
				CLANG_ANALYZER_NUMBER_OBJECT_CONVERSION = YES_AGGRESSIVE;
				CLANG_CXX_LANGUAGE_STANDARD = "gnu++20";
				CLANG_ENABLE_MODULES = YES;
				CLANG_ENABLE_OBJC_ARC = YES;
				CLANG_ENABLE_OBJC_WEAK = YES;
				CLANG_WARN_BLOCK_CAPTURE_AUTORELEASING = YES;
				CLANG_WARN_BOOL_CONVERSION = YES;
				CLANG_WARN_COMMA = YES;
				CLANG_WARN_CONSTANT_CONVERSION = YES;
				CLANG_WARN_DEPRECATED_OBJC_IMPLEMENTATIONS = YES;
				CLANG_WARN_DIRECT_OBJC_ISA_USAGE = YES_ERROR;
				CLANG_WARN_DOCUMENTATION_COMMENTS = YES;
				CLANG_WARN_EMPTY_BODY = YES;
				CLANG_WARN_ENUM_CONVERSION = YES;
				CLANG_WARN_INFINITE_RECURSION = YES;
				CLANG_WARN_INT_CONVERSION = YES;
				CLANG_WARN_NON_LITERAL_NULL_CONVERSION = YES;
				CLANG_WARN_OBJC_IMPLICIT_RETAIN_SELF = YES;
				CLANG_WARN_OBJC_LITERAL_CONVERSION = YES;
				CLANG_WARN_OBJC_ROOT_CLASS = YES_ERROR;
				CLANG_WARN_QUOTED_INCLUDE_IN_FRAMEWORK_HEADER = YES;
				CLANG_WARN_RANGE_LOOP_ANALYSIS = YES;
				CLANG_WARN_STRICT_PROTOTYPES = YES;
				CLANG_WARN_SUSPICIOUS_MOVE = YES;
				CLANG_WARN_UNGUARDED_AVAILABILITY = YES_AGGRESSIVE;
				CLANG_WARN_UNREACHABLE_CODE = YES;
				CLANG_WARN__DUPLICATE_METHOD_MATCH = YES;
				COPY_PHASE_STRIP = NO;
				DEBUG_INFORMATION_FORMAT = "dwarf-with-dsym";
				ENABLE_NS_ASSERTIONS = NO;
				ENABLE_STRICT_OBJC_MSGSEND = YES;
				ENABLE_USER_SCRIPT_SANDBOXING = YES;
				GCC_C_LANGUAGE_STANDARD = gnu17;
				GCC_NO_COMMON_BLOCKS = YES;
				GCC_WARN_64_TO_32_BIT_CONVERSION = YES;
				GCC_WARN_ABOUT_RETURN_TYPE = YES_ERROR;
				GCC_WARN_UNDECLARED_SELECTOR = YES;
				GCC_WARN_UNINITIALIZED_AUTOS = YES_AGGRESSIVE;
				GCC_WARN_UNUSED_FUNCTION = YES;
				GCC_WARN_UNUSED_VARIABLE = YES;
				IPHONEOS_DEPLOYMENT_TARGET = 18.1;
				LOCALIZATION_PREFERS_STRING_CATALOGS = YES;
				MTL_ENABLE_DEBUG_INFO = NO;
				MTL_FAST_MATH = YES;
				SDKROOT = iphoneos;
				SWIFT_COMPILATION_MODE = wholemodule;
				VALIDATE_PRODUCT = YES;
			};
			name = Release;
		};
		13251B532CD91E76007E0847 /* Debug */ = {
			isa = XCBuildConfiguration;
			buildSettings = {
				ASSETCATALOG_COMPILER_APPICON_NAME = AppIcon;
				ASSETCATALOG_COMPILER_GLOBAL_ACCENT_COLOR_NAME = AccentColor;
				CODE_SIGN_STYLE = Automatic;
				CURRENT_PROJECT_VERSION = 1;
				GENERATE_INFOPLIST_FILE = YES;
				INFOPLIST_KEY_UIApplicationSupportsIndirectInputEvents = YES;
				INFOPLIST_KEY_UILaunchStoryboardName = LaunchScreen;
				INFOPLIST_KEY_UIMainStoryboardFile = Main;
				INFOPLIST_KEY_UIStatusBarHidden = YES;
				INFOPLIST_KEY_UISupportedInterfaceOrientations_iPad = "UIInterfaceOrientationPortrait UIInterfaceOrientationPortraitUpsideDown UIInterfaceOrientationLandscapeLeft UIInterfaceOrientationLandscapeRight";
				INFOPLIST_KEY_UISupportedInterfaceOrientations_iPhone = "UIInterfaceOrientationPortrait UIInterfaceOrientationLandscapeLeft UIInterfaceOrientationLandscapeRight";
				IPHONEOS_DEPLOYMENT_TARGET = 17.6;
				LD_RUNPATH_SEARCH_PATHS = (
					"$(inherited)",
					"@executable_path/Frameworks",
				);
				MARKETING_VERSION = 1.0;
				PRODUCT_BUNDLE_IDENTIFIER = com.leohohenberger.rockPaperScissors;
				PRODUCT_NAME = "$(TARGET_NAME)";
				SWIFT_EMIT_LOC_STRINGS = YES;
				SWIFT_VERSION = 5.0;
				TARGETED_DEVICE_FAMILY = "1,2";
			};
			name = Debug;
		};
		13251B542CD91E76007E0847 /* Release */ = {
			isa = XCBuildConfiguration;
			buildSettings = {
				ASSETCATALOG_COMPILER_APPICON_NAME = AppIcon;
				ASSETCATALOG_COMPILER_GLOBAL_ACCENT_COLOR_NAME = AccentColor;
				CODE_SIGN_STYLE = Automatic;
				CURRENT_PROJECT_VERSION = 1;
				GENERATE_INFOPLIST_FILE = YES;
				INFOPLIST_KEY_UIApplicationSupportsIndirectInputEvents = YES;
				INFOPLIST_KEY_UILaunchStoryboardName = LaunchScreen;
				INFOPLIST_KEY_UIMainStoryboardFile = Main;
				INFOPLIST_KEY_UIStatusBarHidden = YES;
				INFOPLIST_KEY_UISupportedInterfaceOrientations_iPad = "UIInterfaceOrientationPortrait UIInterfaceOrientationPortraitUpsideDown UIInterfaceOrientationLandscapeLeft UIInterfaceOrientationLandscapeRight";
				INFOPLIST_KEY_UISupportedInterfaceOrientations_iPhone = "UIInterfaceOrientationPortrait UIInterfaceOrientationLandscapeLeft UIInterfaceOrientationLandscapeRight";
				IPHONEOS_DEPLOYMENT_TARGET = 17.6;
				LD_RUNPATH_SEARCH_PATHS = (
					"$(inherited)",
					"@executable_path/Frameworks",
				);
				MARKETING_VERSION = 1.0;
				PRODUCT_BUNDLE_IDENTIFIER = com.leohohenberger.rockPaperScissors;
				PRODUCT_NAME = "$(TARGET_NAME)";
				SWIFT_EMIT_LOC_STRINGS = YES;
				SWIFT_VERSION = 5.0;
				TARGETED_DEVICE_FAMILY = "1,2";
			};
			name = Release;
		};
		13251B562CD91E76007E0847 /* Debug */ = {
			isa = XCBuildConfiguration;
			buildSettings = {
				BUNDLE_LOADER = "$(TEST_HOST)";
				CODE_SIGN_STYLE = Automatic;
				CURRENT_PROJECT_VERSION = 1;
				GENERATE_INFOPLIST_FILE = YES;
				IPHONEOS_DEPLOYMENT_TARGET = 18.1;
				MARKETING_VERSION = 1.0;
				PRODUCT_BUNDLE_IDENTIFIER = com.leohohenberger.rockPaperScissorsTests;
				PRODUCT_NAME = "$(TARGET_NAME)";
				SWIFT_EMIT_LOC_STRINGS = NO;
				SWIFT_VERSION = 5.0;
				TARGETED_DEVICE_FAMILY = "1,2";
				TEST_HOST = "$(BUILT_PRODUCTS_DIR)/rockPaperScissors.app/$(BUNDLE_EXECUTABLE_FOLDER_PATH)/rockPaperScissors";
			};
			name = Debug;
		};
		13251B572CD91E76007E0847 /* Release */ = {
			isa = XCBuildConfiguration;
			buildSettings = {
				BUNDLE_LOADER = "$(TEST_HOST)";
				CODE_SIGN_STYLE = Automatic;
				CURRENT_PROJECT_VERSION = 1;
				GENERATE_INFOPLIST_FILE = YES;
				IPHONEOS_DEPLOYMENT_TARGET = 18.1;
				MARKETING_VERSION = 1.0;
				PRODUCT_BUNDLE_IDENTIFIER = com.leohohenberger.rockPaperScissorsTests;
				PRODUCT_NAME = "$(TARGET_NAME)";
				SWIFT_EMIT_LOC_STRINGS = NO;
				SWIFT_VERSION = 5.0;
				TARGETED_DEVICE_FAMILY = "1,2";
				TEST_HOST = "$(BUILT_PRODUCTS_DIR)/rockPaperScissors.app/$(BUNDLE_EXECUTABLE_FOLDER_PATH)/rockPaperScissors";
			};
			name = Release;
		};
		13251B592CD91E76007E0847 /* Debug */ = {
			isa = XCBuildConfiguration;
			buildSettings = {
				CODE_SIGN_STYLE = Automatic;
				CURRENT_PROJECT_VERSION = 1;
				GENERATE_INFOPLIST_FILE = YES;
				MARKETING_VERSION = 1.0;
				PRODUCT_BUNDLE_IDENTIFIER = com.leohohenberger.rockPaperScissorsUITests;
				PRODUCT_NAME = "$(TARGET_NAME)";
				SWIFT_EMIT_LOC_STRINGS = NO;
				SWIFT_VERSION = 5.0;
				TARGETED_DEVICE_FAMILY = "1,2";
				TEST_TARGET_NAME = rockPaperScissors;
			};
			name = Debug;
		};
		13251B5A2CD91E76007E0847 /* Release */ = {
			isa = XCBuildConfiguration;
			buildSettings = {
				CODE_SIGN_STYLE = Automatic;
				CURRENT_PROJECT_VERSION = 1;
				GENERATE_INFOPLIST_FILE = YES;
				MARKETING_VERSION = 1.0;
				PRODUCT_BUNDLE_IDENTIFIER = com.leohohenberger.rockPaperScissorsUITests;
				PRODUCT_NAME = "$(TARGET_NAME)";
				SWIFT_EMIT_LOC_STRINGS = NO;
				SWIFT_VERSION = 5.0;
				TARGETED_DEVICE_FAMILY = "1,2";
				TEST_TARGET_NAME = rockPaperScissors;
			};
			name = Release;
		};
/* End XCBuildConfiguration section */

/* Begin XCConfigurationList section */
		13251B202CD91E74007E0847 /* Build configuration list for PBXProject "rockPaperScissors" */ = {
			isa = XCConfigurationList;
			buildConfigurations = (
				13251B502CD91E76007E0847 /* Debug */,
				13251B512CD91E76007E0847 /* Release */,
			);
			defaultConfigurationIsVisible = 0;
			defaultConfigurationName = Release;
		};
		13251B522CD91E76007E0847 /* Build configuration list for PBXNativeTarget "rockPaperScissors" */ = {
			isa = XCConfigurationList;
			buildConfigurations = (
				13251B532CD91E76007E0847 /* Debug */,
				13251B542CD91E76007E0847 /* Release */,
			);
			defaultConfigurationIsVisible = 0;
			defaultConfigurationName = Release;
		};
		13251B552CD91E76007E0847 /* Build configuration list for PBXNativeTarget "rockPaperScissorsTests" */ = {
			isa = XCConfigurationList;
			buildConfigurations = (
				13251B562CD91E76007E0847 /* Debug */,
				13251B572CD91E76007E0847 /* Release */,
			);
			defaultConfigurationIsVisible = 0;
			defaultConfigurationName = Release;
		};
		13251B582CD91E76007E0847 /* Build configuration list for PBXNativeTarget "rockPaperScissorsUITests" */ = {
			isa = XCConfigurationList;
			buildConfigurations = (
				13251B592CD91E76007E0847 /* Debug */,
				13251B5A2CD91E76007E0847 /* Release */,
			);
			defaultConfigurationIsVisible = 0;
			defaultConfigurationName = Release;
		};
/* End XCConfigurationList section */
	};
	rootObject = 13251B1D2CD91E74007E0847 /* Project object */;
}
